
Microsoft Visual Studio Solution File, Format Version 12.00
# Visual Studio Version 17
VisualStudioVersion = 17.9.34616.47
MinimumVisualStudioVersion = 10.0.40219.1
Project("{FAE04EC0-301F-11D3-BF4B-00C04F79EFBC}") = "007-wform", "007-wform.csproj", "{0BEA3537-AED2-4217-9624-9D1EF3D258CF}"
EndProject
Global
	GlobalSection(SolutionConfigurationPlatforms) = preSolution
		Debug|Any CPU = Debug|Any CPU
		Release|Any CPU = Release|Any CPU
	EndGlobalSection
	GlobalSection(ProjectConfigurationPlatforms) = postSolution
		{0BEA3537-AED2-4217-9624-9D1EF3D258CF}.Debug|Any CPU.ActiveCfg = Debug|Any CPU
		{0BEA3537-AED2-4217-9624-9D1EF3D258CF}.Debug|Any CPU.Build.0 = Debug|Any CPU
		{0BEA3537-AED2-4217-9624-9D1EF3D258CF}.Release|Any CPU.ActiveCfg = Release|Any CPU
		{0BEA3537-AED2-4217-9624-9D1EF3D258CF}.Release|Any CPU.Build.0 = Release|Any CPU
	EndGlobalSection
	GlobalSection(SolutionProperties) = preSolution
		HideSolutionNode = FALSE
	EndGlobalSection
	GlobalSection(ExtensibilityGlobals) = postSolution
		SolutionGuid = {84758654-48C5-4F20-B503-302F3B18F296}
	EndGlobalSection
EndGlobal
