
Microsoft Visual Studio Solution File, Format Version 12.00
# Visual Studio Version 17
VisualStudioVersion = 17.9.34616.47
MinimumVisualStudioVersion = 10.0.40219.1
Project("{9A19103F-16F7-4668-BE54-9A1E7A4F7556}") = "004", "004.csproj", "{D4EA5981-7128-4D92-BB86-7CE8C9396DC0}"
EndProject
Project("{9A19103F-16F7-4668-BE54-9A1E7A4F7556}") = "004-validarPass", "..\004-validarPass\004-validarPass.csproj", "{0A0ED038-2711-42AB-AEAC-3B1B41423DFF}"
EndProject
Project("{FAE04EC0-301F-11D3-BF4B-00C04F79EFBC}") = "004-appVentas", "..\004-appVentas\004-appVentas.csproj", "{93518B3F-3737-444D-A2FE-74F5DD16D750}"
EndProject
Global
	GlobalSection(SolutionConfigurationPlatforms) = preSolution
		Debug|Any CPU = Debug|Any CPU
		Release|Any CPU = Release|Any CPU
	EndGlobalSection
	GlobalSection(ProjectConfigurationPlatforms) = postSolution
		{D4EA5981-7128-4D92-BB86-7CE8C9396DC0}.Debug|Any CPU.ActiveCfg = Debug|Any CPU
		{D4EA5981-7128-4D92-BB86-7CE8C9396DC0}.Debug|Any CPU.Build.0 = Debug|Any CPU
		{D4EA5981-7128-4D92-BB86-7CE8C9396DC0}.Release|Any CPU.ActiveCfg = Release|Any CPU
		{D4EA5981-7128-4D92-BB86-7CE8C9396DC0}.Release|Any CPU.Build.0 = Release|Any CPU
		{0A0ED038-2711-42AB-AEAC-3B1B41423DFF}.Debug|Any CPU.ActiveCfg = Debug|Any CPU
		{0A0ED038-2711-42AB-AEAC-3B1B41423DFF}.Debug|Any CPU.Build.0 = Debug|Any CPU
		{0A0ED038-2711-42AB-AEAC-3B1B41423DFF}.Release|Any CPU.ActiveCfg = Release|Any CPU
		{0A0ED038-2711-42AB-AEAC-3B1B41423DFF}.Release|Any CPU.Build.0 = Release|Any CPU
		{93518B3F-3737-444D-A2FE-74F5DD16D750}.Debug|Any CPU.ActiveCfg = Debug|Any CPU
		{93518B3F-3737-444D-A2FE-74F5DD16D750}.Debug|Any CPU.Build.0 = Debug|Any CPU
		{93518B3F-3737-444D-A2FE-74F5DD16D750}.Release|Any CPU.ActiveCfg = Release|Any CPU
		{93518B3F-3737-444D-A2FE-74F5DD16D750}.Release|Any CPU.Build.0 = Release|Any CPU
	EndGlobalSection
	GlobalSection(SolutionProperties) = preSolution
		HideSolutionNode = FALSE
	EndGlobalSection
	GlobalSection(ExtensibilityGlobals) = postSolution
		SolutionGuid = {30229E21-4354-490C-BA88-2DB62D58FA40}
	EndGlobalSection
EndGlobal
